
Microsoft Visual Studio Solution File, Format Version 11.00
# Visual Studio 2010
Project("{FAE04EC0-301F-11D3-BF4B-00C04F79EFBC}") = "Crash Macho_0.02", "Assembly-CSharp.csproj", "{AD7427C9-D237-1F4E-6E7C-FD392D8F731A}"
EndProject
Global
	GlobalSection(SolutionConfigurationPlatforms) = preSolution
		Debug|Any CPU = Debug|Any CPU
		Release|Any CPU = Release|Any CPU
	EndGlobalSection
	GlobalSection(ProjectConfigurationPlatforms) = postSolution
		{AD7427C9-D237-1F4E-6E7C-FD392D8F731A}.Debug|Any CPU.ActiveCfg = Debug|Any CPU
		{AD7427C9-D237-1F4E-6E7C-FD392D8F731A}.Debug|Any CPU.Build.0 = Debug|Any CPU
		{AD7427C9-D237-1F4E-6E7C-FD392D8F731A}.Release|Any CPU.ActiveCfg = Release|Any CPU
		{AD7427C9-D237-1F4E-6E7C-FD392D8F731A}.Release|Any CPU.Build.0 = Release|Any CPU
	EndGlobalSection
	GlobalSection(SolutionProperties) = preSolution
		HideSolutionNode = FALSE
	EndGlobalSection
	GlobalSection(MonoDevelopProperties) = preSolution
		StartupItem = Assembly-CSharp.csproj
	EndGlobalSection
EndGlobal
